
Microsoft Visual Studio Solution File, Format Version 12.00
# Visual Studio Version 17
VisualStudioVersion = 17.5.33530.505
MinimumVisualStudioVersion = 10.0.40219.1
Project("{2150E333-8FDC-42A3-9474-1A3956D46DE8}") = "src", "src", "{5AD20E29-01A5-4268-AAC2-2595C8CD7E6D}"
EndProject
Project("{2150E333-8FDC-42A3-9474-1A3956D46DE8}") = "Building Blocks", "Building Blocks", "{E66CBBF8-7499-4FC7-8B22-14CEB69C8665}"
EndProject
Project("{2150E333-8FDC-42A3-9474-1A3956D46DE8}") = "Services", "Services", "{5F60A1B8-EE3D-45FC-9CF9-88EE74655AF3}"
EndProject
Project("{2150E333-8FDC-42A3-9474-1A3956D46DE8}") = "Web", "Web", "{4C1970B7-3385-445A-A581-E1A470AEFE80}"
EndProject
Project("{2150E333-8FDC-42A3-9474-1A3956D46DE8}") = "1 - Identity", "1 - Identity", "{4D5BA8F5-6BBE-4A20-A7AD-14BD3630F71B}"
EndProject
Project("{9A19103F-16F7-4668-BE54-9A1E7A4F7556}") = "bruno.CatalogFilms.Identity.API", "src\services\bruno.CatalogFilms.Identity.API\bruno.CatalogFilms.Identity.API.csproj", "{F828ABA0-F401-42E3-BD92-482A0308B856}"
EndProject
Project("{2150E333-8FDC-42A3-9474-1A3956D46DE8}") = "MVC", "MVC", "{24984E73-F3EC-4B0A-B76A-C7FA2864E320}"
EndProject
Project("{9A19103F-16F7-4668-BE54-9A1E7A4F7556}") = "bruno.CatalogFilms.WebApp.MVC", "src\web\bruno.CatalogFilms.WebApp.MVC\bruno.CatalogFilms.WebApp.MVC.csproj", "{8A7FE031-0EF6-4B3D-A722-7154EEE5D068}"
EndProject
Project("{2150E333-8FDC-42A3-9474-1A3956D46DE8}") = "Cores", "Cores", "{78690DA1-A187-4D8C-9B4C-7FBCC99B5DB1}"
EndProject
Project("{9A19103F-16F7-4668-BE54-9A1E7A4F7556}") = "bruno.CatalogFilms.Core", "src\building blocks\bruno.CatalogFilms.Core.Utils\bruno.CatalogFilms.Core.csproj", "{6E588874-F9A9-41DA-AC2C-940EBCEBEDC9}"
EndProject
Project("{2150E333-8FDC-42A3-9474-1A3956D46DE8}") = "2 - Core", "2 - Core", "{8619EA99-F567-4B33-8BA1-3E0272D173DA}"
EndProject
Project("{2150E333-8FDC-42A3-9474-1A3956D46DE8}") = "Model", "Model", "{EACD049B-971C-4236-BC63-AA00B7AC09E8}"
EndProject
Project("{9A19103F-16F7-4668-BE54-9A1E7A4F7556}") = "bruno.CatalogFilms.Model.View", "src\building blocks\bruno.CatalogFilms.Model.View\bruno.CatalogFilms.Model.View.csproj", "{DAE6891C-385C-4B3B-819D-35724A2CB649}"
EndProject
Project("{9A19103F-16F7-4668-BE54-9A1E7A4F7556}") = "bruno.CatalogFilms.API", "src\services\bruno.CatalogFilms.API\bruno.CatalogFilms.API.csproj", "{B2BB2C83-4485-4449-9DF6-CC472BA6837F}"
EndProject
Project("{9A19103F-16F7-4668-BE54-9A1E7A4F7556}") = "bruno.CatalogFilms.Application", "src\services\bruno.CatalogFilms.Application\bruno.CatalogFilms.Application.csproj", "{7A9BD85B-241D-4986-9856-3716DCF71694}"
EndProject
Project("{9A19103F-16F7-4668-BE54-9A1E7A4F7556}") = "bruno.CatalogFilms.Domain", "src\services\bruno.CatalogFilms.Domain\bruno.CatalogFilms.Domain.csproj", "{8CFF2B2F-C637-4763-BE5A-7C67697E9F3A}"
EndProject
Project("{9A19103F-16F7-4668-BE54-9A1E7A4F7556}") = "bruno.CatalogFilms.Infrastructure", "src\services\bruno.CatalogFilms.Infrastructure\bruno.CatalogFilms.Infrastructure.csproj", "{EEF431EC-DE76-41F0-BCC2-F7C3D89F7EEB}"
EndProject
Project("{9A19103F-16F7-4668-BE54-9A1E7A4F7556}") = "bruno.CatalogFilms.Contracts", "src\services\bruno.CatalogFilms.Contract\bruno.CatalogFilms.Contracts.csproj", "{7F84791A-3111-442D-BDCB-700D1A1C45D5}"
EndProject
Project("{2150E333-8FDC-42A3-9474-1A3956D46DE8}") = "tests", "tests", "{27322E55-7596-4D62-B835-9E77D12C8E1E}"
EndProject
Project("{9A19103F-16F7-4668-BE54-9A1E7A4F7556}") = "bruno.CatalogFilms.API.Core", "src\building blocks\bruno.CatalogFilms.API.Core\bruno.CatalogFilms.API.Core.csproj", "{FF9FF6DD-7A7E-4089-ABD6-00F1EBD49DF4}"
EndProject
Project("{FAE04EC0-301F-11D3-BF4B-00C04F79EFBC}") = "bruno.CatalogFilms.Domain.Tests", "src\services\bruno.CatalogFilms.Domain.Tests\bruno.CatalogFilms.Domain.Tests.csproj", "{C015A3E0-99BE-43E7-8AE6-3747BEDB1478}"
EndProject
Project("{FAE04EC0-301F-11D3-BF4B-00C04F79EFBC}") = "bruno.CatalogFilms.Application.Tests", "src\services\bruno.CatalogFilms.Application.Tests\bruno.CatalogFilms.Application.Tests.csproj", "{76D2333E-A4FC-429C-9F02-7E6CC0A9A030}"
EndProject
Global
	GlobalSection(SolutionConfigurationPlatforms) = preSolution
		Debug|Any CPU = Debug|Any CPU
		Release|Any CPU = Release|Any CPU
	EndGlobalSection
	GlobalSection(ProjectConfigurationPlatforms) = postSolution
		{F828ABA0-F401-42E3-BD92-482A0308B856}.Debug|Any CPU.ActiveCfg = Debug|Any CPU
		{F828ABA0-F401-42E3-BD92-482A0308B856}.Debug|Any CPU.Build.0 = Debug|Any CPU
		{F828ABA0-F401-42E3-BD92-482A0308B856}.Release|Any CPU.ActiveCfg = Release|Any CPU
		{F828ABA0-F401-42E3-BD92-482A0308B856}.Release|Any CPU.Build.0 = Release|Any CPU
		{8A7FE031-0EF6-4B3D-A722-7154EEE5D068}.Debug|Any CPU.ActiveCfg = Debug|Any CPU
		{8A7FE031-0EF6-4B3D-A722-7154EEE5D068}.Debug|Any CPU.Build.0 = Debug|Any CPU
		{8A7FE031-0EF6-4B3D-A722-7154EEE5D068}.Release|Any CPU.ActiveCfg = Release|Any CPU
		{8A7FE031-0EF6-4B3D-A722-7154EEE5D068}.Release|Any CPU.Build.0 = Release|Any CPU
		{6E588874-F9A9-41DA-AC2C-940EBCEBEDC9}.Debug|Any CPU.ActiveCfg = Debug|Any CPU
		{6E588874-F9A9-41DA-AC2C-940EBCEBEDC9}.Debug|Any CPU.Build.0 = Debug|Any CPU
		{6E588874-F9A9-41DA-AC2C-940EBCEBEDC9}.Release|Any CPU.ActiveCfg = Release|Any CPU
		{6E588874-F9A9-41DA-AC2C-940EBCEBEDC9}.Release|Any CPU.Build.0 = Release|Any CPU
		{DAE6891C-385C-4B3B-819D-35724A2CB649}.Debug|Any CPU.ActiveCfg = Debug|Any CPU
		{DAE6891C-385C-4B3B-819D-35724A2CB649}.Debug|Any CPU.Build.0 = Debug|Any CPU
		{DAE6891C-385C-4B3B-819D-35724A2CB649}.Release|Any CPU.ActiveCfg = Release|Any CPU
		{DAE6891C-385C-4B3B-819D-35724A2CB649}.Release|Any CPU.Build.0 = Release|Any CPU
		{B2BB2C83-4485-4449-9DF6-CC472BA6837F}.Debug|Any CPU.ActiveCfg = Debug|Any CPU
		{B2BB2C83-4485-4449-9DF6-CC472BA6837F}.Debug|Any CPU.Build.0 = Debug|Any CPU
		{B2BB2C83-4485-4449-9DF6-CC472BA6837F}.Release|Any CPU.ActiveCfg = Release|Any CPU
		{B2BB2C83-4485-4449-9DF6-CC472BA6837F}.Release|Any CPU.Build.0 = Release|Any CPU
		{7A9BD85B-241D-4986-9856-3716DCF71694}.Debug|Any CPU.ActiveCfg = Debug|Any CPU
		{7A9BD85B-241D-4986-9856-3716DCF71694}.Debug|Any CPU.Build.0 = Debug|Any CPU
		{7A9BD85B-241D-4986-9856-3716DCF71694}.Release|Any CPU.ActiveCfg = Release|Any CPU
		{7A9BD85B-241D-4986-9856-3716DCF71694}.Release|Any CPU.Build.0 = Release|Any CPU
		{8CFF2B2F-C637-4763-BE5A-7C67697E9F3A}.Debug|Any CPU.ActiveCfg = Debug|Any CPU
		{8CFF2B2F-C637-4763-BE5A-7C67697E9F3A}.Debug|Any CPU.Build.0 = Debug|Any CPU
		{8CFF2B2F-C637-4763-BE5A-7C67697E9F3A}.Release|Any CPU.ActiveCfg = Release|Any CPU
		{8CFF2B2F-C637-4763-BE5A-7C67697E9F3A}.Release|Any CPU.Build.0 = Release|Any CPU
		{EEF431EC-DE76-41F0-BCC2-F7C3D89F7EEB}.Debug|Any CPU.ActiveCfg = Debug|Any CPU
		{EEF431EC-DE76-41F0-BCC2-F7C3D89F7EEB}.Debug|Any CPU.Build.0 = Debug|Any CPU
		{EEF431EC-DE76-41F0-BCC2-F7C3D89F7EEB}.Release|Any CPU.ActiveCfg = Release|Any CPU
		{EEF431EC-DE76-41F0-BCC2-F7C3D89F7EEB}.Release|Any CPU.Build.0 = Release|Any CPU
		{7F84791A-3111-442D-BDCB-700D1A1C45D5}.Debug|Any CPU.ActiveCfg = Debug|Any CPU
		{7F84791A-3111-442D-BDCB-700D1A1C45D5}.Debug|Any CPU.Build.0 = Debug|Any CPU
		{7F84791A-3111-442D-BDCB-700D1A1C45D5}.Release|Any CPU.ActiveCfg = Release|Any CPU
		{7F84791A-3111-442D-BDCB-700D1A1C45D5}.Release|Any CPU.Build.0 = Release|Any CPU
		{FF9FF6DD-7A7E-4089-ABD6-00F1EBD49DF4}.Debug|Any CPU.ActiveCfg = Debug|Any CPU
		{FF9FF6DD-7A7E-4089-ABD6-00F1EBD49DF4}.Debug|Any CPU.Build.0 = Debug|Any CPU
		{FF9FF6DD-7A7E-4089-ABD6-00F1EBD49DF4}.Release|Any CPU.ActiveCfg = Release|Any CPU
		{FF9FF6DD-7A7E-4089-ABD6-00F1EBD49DF4}.Release|Any CPU.Build.0 = Release|Any CPU
		{C015A3E0-99BE-43E7-8AE6-3747BEDB1478}.Debug|Any CPU.ActiveCfg = Debug|Any CPU
		{C015A3E0-99BE-43E7-8AE6-3747BEDB1478}.Debug|Any CPU.Build.0 = Debug|Any CPU
		{C015A3E0-99BE-43E7-8AE6-3747BEDB1478}.Release|Any CPU.ActiveCfg = Release|Any CPU
		{C015A3E0-99BE-43E7-8AE6-3747BEDB1478}.Release|Any CPU.Build.0 = Release|Any CPU
		{76D2333E-A4FC-429C-9F02-7E6CC0A9A030}.Debug|Any CPU.ActiveCfg = Debug|Any CPU
		{76D2333E-A4FC-429C-9F02-7E6CC0A9A030}.Debug|Any CPU.Build.0 = Debug|Any CPU
		{76D2333E-A4FC-429C-9F02-7E6CC0A9A030}.Release|Any CPU.ActiveCfg = Release|Any CPU
		{76D2333E-A4FC-429C-9F02-7E6CC0A9A030}.Release|Any CPU.Build.0 = Release|Any CPU
	EndGlobalSection
	GlobalSection(SolutionProperties) = preSolution
		HideSolutionNode = FALSE
	EndGlobalSection
	GlobalSection(NestedProjects) = preSolution
		{E66CBBF8-7499-4FC7-8B22-14CEB69C8665} = {5AD20E29-01A5-4268-AAC2-2595C8CD7E6D}
		{5F60A1B8-EE3D-45FC-9CF9-88EE74655AF3} = {5AD20E29-01A5-4268-AAC2-2595C8CD7E6D}
		{4C1970B7-3385-445A-A581-E1A470AEFE80} = {5AD20E29-01A5-4268-AAC2-2595C8CD7E6D}
		{4D5BA8F5-6BBE-4A20-A7AD-14BD3630F71B} = {5F60A1B8-EE3D-45FC-9CF9-88EE74655AF3}
		{F828ABA0-F401-42E3-BD92-482A0308B856} = {4D5BA8F5-6BBE-4A20-A7AD-14BD3630F71B}
		{24984E73-F3EC-4B0A-B76A-C7FA2864E320} = {4C1970B7-3385-445A-A581-E1A470AEFE80}
		{8A7FE031-0EF6-4B3D-A722-7154EEE5D068} = {24984E73-F3EC-4B0A-B76A-C7FA2864E320}
		{78690DA1-A187-4D8C-9B4C-7FBCC99B5DB1} = {E66CBBF8-7499-4FC7-8B22-14CEB69C8665}
		{6E588874-F9A9-41DA-AC2C-940EBCEBEDC9} = {78690DA1-A187-4D8C-9B4C-7FBCC99B5DB1}
		{8619EA99-F567-4B33-8BA1-3E0272D173DA} = {5F60A1B8-EE3D-45FC-9CF9-88EE74655AF3}
		{EACD049B-971C-4236-BC63-AA00B7AC09E8} = {E66CBBF8-7499-4FC7-8B22-14CEB69C8665}
		{DAE6891C-385C-4B3B-819D-35724A2CB649} = {EACD049B-971C-4236-BC63-AA00B7AC09E8}
		{B2BB2C83-4485-4449-9DF6-CC472BA6837F} = {8619EA99-F567-4B33-8BA1-3E0272D173DA}
		{7A9BD85B-241D-4986-9856-3716DCF71694} = {8619EA99-F567-4B33-8BA1-3E0272D173DA}
		{8CFF2B2F-C637-4763-BE5A-7C67697E9F3A} = {8619EA99-F567-4B33-8BA1-3E0272D173DA}
		{EEF431EC-DE76-41F0-BCC2-F7C3D89F7EEB} = {8619EA99-F567-4B33-8BA1-3E0272D173DA}
		{7F84791A-3111-442D-BDCB-700D1A1C45D5} = {8619EA99-F567-4B33-8BA1-3E0272D173DA}
		{27322E55-7596-4D62-B835-9E77D12C8E1E} = {8619EA99-F567-4B33-8BA1-3E0272D173DA}
		{FF9FF6DD-7A7E-4089-ABD6-00F1EBD49DF4} = {78690DA1-A187-4D8C-9B4C-7FBCC99B5DB1}
		{C015A3E0-99BE-43E7-8AE6-3747BEDB1478} = {27322E55-7596-4D62-B835-9E77D12C8E1E}
		{76D2333E-A4FC-429C-9F02-7E6CC0A9A030} = {27322E55-7596-4D62-B835-9E77D12C8E1E}
	EndGlobalSection
	GlobalSection(ExtensibilityGlobals) = postSolution
		SolutionGuid = {2A73D1DA-12E4-4FD1-BD47-00C3E7D2D6EF}
	EndGlobalSection
EndGlobal
